{
  "object": {
    "pins": [
      {
        "package": "CoreStore",
        "repositoryURL": "https://github.com/JohnEstropia/CoreStore",
        "state": {
          "branch": "develop",
          "revision": "f738848e8cd015d71c92d16c23b99ebf2bc3dc22",
          "version": null
        }
      },
      {
        "package": "Defaults",
        "repositoryURL": "https://github.com/sindresorhus/Defaults",
        "state": {
          "branch": "main",
          "revision": "5b30f01e46d25f7b59e37d6d96b2030d6c96ac87",
          "version": null
        }
      },
      {
        "package": "InAppSettingsKit",
        "repositoryURL": "https://github.com/futuretap/InAppSettingsKit.git",
        "state": {
          "branch": "master",
          "revision": "d57649ee916af6283e2c6576e569b01ece4e3d70",
          "version": null
        }
      },
      {
        "package": "Kingfisher",
        "repositoryURL": "https://github.com/cacko/Kingfisher",
        "state": {
          "branch": "master",
          "revision": "a2c961496934a4d03975139cb21fe05d4aa6ef18",
          "version": null
        }
      },
      {
        "package": "SwiftDate",
        "repositoryURL": "https://github.com/cacko/SwiftDate",
        "state": {
          "branch": "master",
          "revision": "6190d0cefff3013e77ed567e6b074f324e5c5bf5",
          "version": null
        }
      }
    ]
  },
  "version": 1
}
